
Microsoft Visual Studio Solution File, Format Version 12.00
# Visual Studio 2012
Project("{FAE04EC0-301F-11D3-BF4B-00C04F79EFBC}") = "Reader", "Reader\Reader.csproj", "{08C5CC64-FFBD-4080-94CB-A9E612154BD8}"
EndProject
Project("{FAE04EC0-301F-11D3-BF4B-00C04F79EFBC}") = "NotifyIconWpf", "..\..\..\Programowanie\c#\_Biblioteki\wpf-notifyicon\NotifyIconWpf\NotifyIconWpf.csproj", "{7AC63864-7638-41C4-969C-D3197EF2BED9}"
EndProject
Global
	GlobalSection(SolutionConfigurationPlatforms) = preSolution
		Debug|Any CPU = Debug|Any CPU
		Release|Any CPU = Release|Any CPU
	EndGlobalSection
	GlobalSection(ProjectConfigurationPlatforms) = postSolution
		{08C5CC64-FFBD-4080-94CB-A9E612154BD8}.Debug|Any CPU.ActiveCfg = Debug|Any CPU
		{08C5CC64-FFBD-4080-94CB-A9E612154BD8}.Debug|Any CPU.Build.0 = Debug|Any CPU
		{08C5CC64-FFBD-4080-94CB-A9E612154BD8}.Release|Any CPU.ActiveCfg = Release|Any CPU
		{08C5CC64-FFBD-4080-94CB-A9E612154BD8}.Release|Any CPU.Build.0 = Release|Any CPU
		{7AC63864-7638-41C4-969C-D3197EF2BED9}.Debug|Any CPU.ActiveCfg = Debug|Any CPU
		{7AC63864-7638-41C4-969C-D3197EF2BED9}.Debug|Any CPU.Build.0 = Debug|Any CPU
		{7AC63864-7638-41C4-969C-D3197EF2BED9}.Release|Any CPU.ActiveCfg = Release|Any CPU
		{7AC63864-7638-41C4-969C-D3197EF2BED9}.Release|Any CPU.Build.0 = Release|Any CPU
	EndGlobalSection
	GlobalSection(SolutionProperties) = preSolution
		HideSolutionNode = FALSE
	EndGlobalSection
EndGlobal
